
Microsoft Visual Studio Solution File, Format Version 12.00
# Visual Studio Version 16
VisualStudioVersion = 16.0.31205.134
MinimumVisualStudioVersion = 10.0.40219.1
Project("{FAE04EC0-301F-11D3-BF4B-00C04F79EFBC}") = "ACM.BL", "src\ACM.BL\ACM.BL.csproj", "{DD755CEC-4A2C-4075-964D-60A1FE7CE2C5}"
EndProject
Project("{2150E333-8FDC-42A3-9474-1A3956D46DE8}") = "Tests", "Tests", "{C27E29C3-6A63-41D5-83DD-F6C4D9192BB8}"
EndProject
Project("{FAE04EC0-301F-11D3-BF4B-00C04F79EFBC}") = "ACM.BLTest", "test\ACM.BLTest\ACM.BLTest.csproj", "{FC08FF1D-605A-4EAE-8EB9-0B8B586FDA5C}"
EndProject
Global
	GlobalSection(SolutionConfigurationPlatforms) = preSolution
		Debug|Any CPU = Debug|Any CPU
		Release|Any CPU = Release|Any CPU
	EndGlobalSection
	GlobalSection(ProjectConfigurationPlatforms) = postSolution
		{DD755CEC-4A2C-4075-964D-60A1FE7CE2C5}.Debug|Any CPU.ActiveCfg = Debug|Any CPU
		{DD755CEC-4A2C-4075-964D-60A1FE7CE2C5}.Debug|Any CPU.Build.0 = Debug|Any CPU
		{DD755CEC-4A2C-4075-964D-60A1FE7CE2C5}.Release|Any CPU.ActiveCfg = Release|Any CPU
		{DD755CEC-4A2C-4075-964D-60A1FE7CE2C5}.Release|Any CPU.Build.0 = Release|Any CPU
		{FC08FF1D-605A-4EAE-8EB9-0B8B586FDA5C}.Debug|Any CPU.ActiveCfg = Debug|Any CPU
		{FC08FF1D-605A-4EAE-8EB9-0B8B586FDA5C}.Debug|Any CPU.Build.0 = Debug|Any CPU
		{FC08FF1D-605A-4EAE-8EB9-0B8B586FDA5C}.Release|Any CPU.ActiveCfg = Release|Any CPU
		{FC08FF1D-605A-4EAE-8EB9-0B8B586FDA5C}.Release|Any CPU.Build.0 = Release|Any CPU
	EndGlobalSection
	GlobalSection(SolutionProperties) = preSolution
		HideSolutionNode = FALSE
	EndGlobalSection
	GlobalSection(NestedProjects) = preSolution
		{FC08FF1D-605A-4EAE-8EB9-0B8B586FDA5C} = {C27E29C3-6A63-41D5-83DD-F6C4D9192BB8}
	EndGlobalSection
	GlobalSection(ExtensibilityGlobals) = postSolution
		SolutionGuid = {FF2D1860-4447-4CB9-8845-250BF7A102B1}
	EndGlobalSection
EndGlobal
